// !$*UTF8*$!
{
	archiveVersion = 1;
	classes = {
	};
	objectVersion = 55;
	objects = {

/* Begin PBXBuildFile section */
		26900B03287D173400822275 /* VCExtension.swift in Sources */ = {isa = PBXBuildFile; fileRef = 26900B02287D173400822275 /* VCExtension.swift */; };
		26900B05287D178800822275 /* CoordinateExtension.swift in Sources */ = {isa = PBXBuildFile; fileRef = 26900B04287D178800822275 /* CoordinateExtension.swift */; };
		26900B09287D332400822275 /* SearchViewController.swift in Sources */ = {isa = PBXBuildFile; fileRef = 26900B08287D332400822275 /* SearchViewController.swift */; };
		26C9BE86287BB0380006E5C9 /* AppDelegate.swift in Sources */ = {isa = PBXBuildFile; fileRef = 26C9BE85287BB0380006E5C9 /* AppDelegate.swift */; };
		26C9BE88287BB0380006E5C9 /* SceneDelegate.swift in Sources */ = {isa = PBXBuildFile; fileRef = 26C9BE87287BB0380006E5C9 /* SceneDelegate.swift */; };
		26C9BE8A287BB0380006E5C9 /* MapViewController.swift in Sources */ = {isa = PBXBuildFile; fileRef = 26C9BE89287BB0380006E5C9 /* MapViewController.swift */; };
		26C9BE8D287BB0380006E5C9 /* Main.storyboard in Resources */ = {isa = PBXBuildFile; fileRef = 26C9BE8B287BB0380006E5C9 /* Main.storyboard */; };
		26C9BE8F287BB0390006E5C9 /* Assets.xcassets in Resources */ = {isa = PBXBuildFile; fileRef = 26C9BE8E287BB0390006E5C9 /* Assets.xcassets */; };
		26C9BE92287BB0390006E5C9 /* LaunchScreen.storyboard in Resources */ = {isa = PBXBuildFile; fileRef = 26C9BE90287BB0390006E5C9 /* LaunchScreen.storyboard */; };
/* End PBXBuildFile section */

/* Begin PBXFileReference section */
		26900B02287D173400822275 /* VCExtension.swift */ = {isa = PBXFileReference; lastKnownFileType = sourcecode.swift; path = VCExtension.swift; sourceTree = "<group>"; };
		26900B04287D178800822275 /* CoordinateExtension.swift */ = {isa = PBXFileReference; lastKnownFileType = sourcecode.swift; path = CoordinateExtension.swift; sourceTree = "<group>"; };
		26900B08287D332400822275 /* SearchViewController.swift */ = {isa = PBXFileReference; lastKnownFileType = sourcecode.swift; path = SearchViewController.swift; sourceTree = "<group>"; };
		26C9BE82287BB0380006E5C9 /* MapKit_BareBones.app */ = {isa = PBXFileReference; explicitFileType = wrapper.application; includeInIndex = 0; path = MapKit_BareBones.app; sourceTree = BUILT_PRODUCTS_DIR; };
		26C9BE85287BB0380006E5C9 /* AppDelegate.swift */ = {isa = PBXFileReference; lastKnownFileType = sourcecode.swift; path = AppDelegate.swift; sourceTree = "<group>"; };
		26C9BE87287BB0380006E5C9 /* SceneDelegate.swift */ = {isa = PBXFileReference; lastKnownFileType = sourcecode.swift; path = SceneDelegate.swift; sourceTree = "<group>"; };
		26C9BE89287BB0380006E5C9 /* MapViewController.swift */ = {isa = PBXFileReference; lastKnownFileType = sourcecode.swift; path = MapViewController.swift; sourceTree = "<group>"; };
		26C9BE8C287BB0380006E5C9 /* Base */ = {isa = PBXFileReference; lastKnownFileType = file.storyboard; name = Base; path = Base.lproj/Main.storyboard; sourceTree = "<group>"; };
		26C9BE8E287BB0390006E5C9 /* Assets.xcassets */ = {isa = PBXFileReference; lastKnownFileType = folder.assetcatalog; path = Assets.xcassets; sourceTree = "<group>"; };
		26C9BE91287BB0390006E5C9 /* Base */ = {isa = PBXFileReference; lastKnownFileType = file.storyboard; name = Base; path = Base.lproj/LaunchScreen.storyboard; sourceTree = "<group>"; };
		26C9BE93287BB0390006E5C9 /* Info.plist */ = {isa = PBXFileReference; lastKnownFileType = text.plist.xml; path = Info.plist; sourceTree = "<group>"; };
/* End PBXFileReference section */

/* Begin PBXFrameworksBuildPhase section */
		26C9BE7F287BB0380006E5C9 /* Frameworks */ = {
			isa = PBXFrameworksBuildPhase;
			buildActionMask = 2147483647;
			files = (
			);
			runOnlyForDeploymentPostprocessing = 0;
		};
/* End PBXFrameworksBuildPhase section */

/* Begin PBXGroup section */
		26900B06287D17A300822275 /* Storyboard */ = {
			isa = PBXGroup;
			children = (
				26C9BE8B287BB0380006E5C9 /* Main.storyboard */,
				26C9BE90287BB0390006E5C9 /* LaunchScreen.storyboard */,
			);
			path = Storyboard;
			sourceTree = "<group>";
		};
		26900B07287D17AF00822275 /* Extension */ = {
			isa = PBXGroup;
			children = (
				26900B02287D173400822275 /* VCExtension.swift */,
				26900B04287D178800822275 /* CoordinateExtension.swift */,
			);
			path = Extension;
			sourceTree = "<group>";
		};
		26C9BE79287BB0380006E5C9 = {
			isa = PBXGroup;
			children = (
				26C9BE84287BB0380006E5C9 /* MapKit_BareBones */,
				26C9BE83287BB0380006E5C9 /* Products */,
			);
			sourceTree = "<group>";
		};
		26C9BE83287BB0380006E5C9 /* Products */ = {
			isa = PBXGroup;
			children = (
				26C9BE82287BB0380006E5C9 /* MapKit_BareBones.app */,
			);
			name = Products;
			sourceTree = "<group>";
		};
		26C9BE84287BB0380006E5C9 /* MapKit_BareBones */ = {
			isa = PBXGroup;
			children = (
				26900B06287D17A300822275 /* Storyboard */,
				26C9BE85287BB0380006E5C9 /* AppDelegate.swift */,
				26C9BE87287BB0380006E5C9 /* SceneDelegate.swift */,
				26900B07287D17AF00822275 /* Extension */,
				26C9BE89287BB0380006E5C9 /* MapViewController.swift */,
				26900B08287D332400822275 /* SearchViewController.swift */,
				26C9BE8E287BB0390006E5C9 /* Assets.xcassets */,
				26C9BE93287BB0390006E5C9 /* Info.plist */,
			);
			path = MapKit_BareBones;
			sourceTree = "<group>";
		};
/* End PBXGroup section */

/* Begin PBXNativeTarget section */
		26C9BE81287BB0380006E5C9 /* MapKit_BareBones */ = {
			isa = PBXNativeTarget;
			buildConfigurationList = 26C9BE96287BB0390006E5C9 /* Build configuration list for PBXNativeTarget "MapKit_BareBones" */;
			buildPhases = (
				26C9BE7E287BB0380006E5C9 /* Sources */,
				26C9BE7F287BB0380006E5C9 /* Frameworks */,
				26C9BE80287BB0380006E5C9 /* Resources */,
			);
			buildRules = (
			);
			dependencies = (
			);
			name = MapKit_BareBones;
			productName = MapKit_BareBones;
			productReference = 26C9BE82287BB0380006E5C9 /* MapKit_BareBones.app */;
			productType = "com.apple.product-type.application";
		};
/* End PBXNativeTarget section */

/* Begin PBXProject section */
		26C9BE7A287BB0380006E5C9 /* Project object */ = {
			isa = PBXProject;
			attributes = {
				BuildIndependentTargetsInParallel = 1;
				LastSwiftUpdateCheck = 1330;
				LastUpgradeCheck = 1330;
				TargetAttributes = {
					26C9BE81287BB0380006E5C9 = {
						CreatedOnToolsVersion = 13.3.1;
					};
				};
			};
			buildConfigurationList = 26C9BE7D287BB0380006E5C9 /* Build configuration list for PBXProject "MapKit_BareBones" */;
			compatibilityVersion = "Xcode 13.0";
			developmentRegion = en;
			hasScannedForEncodings = 0;
			knownRegions = (
				en,
				Base,
			);
			mainGroup = 26C9BE79287BB0380006E5C9;
			productRefGroup = 26C9BE83287BB0380006E5C9 /* Products */;
			projectDirPath = "";
			projectRoot = "";
			targets = (
				26C9BE81287BB0380006E5C9 /* MapKit_BareBones */,
			);
		};
/* End PBXProject section */

/* Begin PBXResourcesBuildPhase section */
		26C9BE80287BB0380006E5C9 /* Resources */ = {
			isa = PBXResourcesBuildPhase;
			buildActionMask = 2147483647;
			files = (
				26C9BE92287BB0390006E5C9 /* LaunchScreen.storyboard in Resources */,
				26C9BE8F287BB0390006E5C9 /* Assets.xcassets in Resources */,
				26C9BE8D287BB0380006E5C9 /* Main.storyboard in Resources */,
			);
			runOnlyForDeploymentPostprocessing = 0;
		};
/* End PBXResourcesBuildPhase section */

/* Begin PBXSourcesBuildPhase section */
		26C9BE7E287BB0380006E5C9 /* Sources */ = {
			isa = PBXSourcesBuildPhase;
			buildActionMask = 2147483647;
			files = (
				26C9BE8A287BB0380006E5C9 /* MapViewController.swift in Sources */,
				26900B09287D332400822275 /* SearchViewController.swift in Sources */,
				26900B03287D173400822275 /* VCExtension.swift in Sources */,
				26C9BE86287BB0380006E5C9 /* AppDelegate.swift in Sources */,
				26C9BE88287BB0380006E5C9 /* SceneDelegate.swift in Sources */,
				26900B05287D178800822275 /* CoordinateExtension.swift in Sources */,
			);
			runOnlyForDeploymentPostprocessing = 0;
		};
/* End PBXSourcesBuildPhase section */

/* Begin PBXVariantGroup section */
		26C9BE8B287BB0380006E5C9 /* Main.storyboard */ = {
			isa = PBXVariantGroup;
			children = (
				26C9BE8C287BB0380006E5C9 /* Base */,
			);
			name = Main.storyboard;
			sourceTree = "<group>";
		};
		26C9BE90287BB0390006E5C9 /* LaunchScreen.storyboard */ = {
			isa = PBXVariantGroup;
			children = (
				26C9BE91287BB0390006E5C9 /* Base */,
			);
			name = LaunchScreen.storyboard;
			sourceTree = "<group>";
		};
/* End PBXVariantGroup section */

/* Begin XCBuildConfiguration section */
		26C9BE94287BB0390006E5C9 /* Debug */ = {
			isa = XCBuildConfiguration;
			buildSettings = {
				ALWAYS_SEARCH_USER_PATHS = NO;
				CLANG_ANALYZER_NONNULL = YES;
				CLANG_ANALYZER_NUMBER_OBJECT_CONVERSION = YES_AGGRESSIVE;
				CLANG_CXX_LANGUAGE_STANDARD = "gnu++17";
				CLANG_ENABLE_MODULES = YES;
				CLANG_ENABLE_OBJC_ARC = YES;
				CLANG_ENABLE_OBJC_WEAK = YES;
				CLANG_WARN_BLOCK_CAPTURE_AUTORELEASING = YES;
				CLANG_WARN_BOOL_CONVERSION = YES;
				CLANG_WARN_COMMA = YES;
				CLANG_WARN_CONSTANT_CONVERSION = YES;
				CLANG_WARN_DEPRECATED_OBJC_IMPLEMENTATIONS = YES;
				CLANG_WARN_DIRECT_OBJC_ISA_USAGE = YES_ERROR;
				CLANG_WARN_DOCUMENTATION_COMMENTS = YES;
				CLANG_WARN_EMPTY_BODY = YES;
				CLANG_WARN_ENUM_CONVERSION = YES;
				CLANG_WARN_INFINITE_RECURSION = YES;
				CLANG_WARN_INT_CONVERSION = YES;
				CLANG_WARN_NON_LITERAL_NULL_CONVERSION = YES;
				CLANG_WARN_OBJC_IMPLICIT_RETAIN_SELF = YES;
				CLANG_WARN_OBJC_LITERAL_CONVERSION = YES;
				CLANG_WARN_OBJC_ROOT_CLASS = YES_ERROR;
				CLANG_WARN_QUOTED_INCLUDE_IN_FRAMEWORK_HEADER = YES;
				CLANG_WARN_RANGE_LOOP_ANALYSIS = YES;
				CLANG_WARN_STRICT_PROTOTYPES = YES;
				CLANG_WARN_SUSPICIOUS_MOVE = YES;
				CLANG_WARN_UNGUARDED_AVAILABILITY = YES_AGGRESSIVE;
				CLANG_WARN_UNREACHABLE_CODE = YES;
				CLANG_WARN__DUPLICATE_METHOD_MATCH = YES;
				COPY_PHASE_STRIP = NO;
				DEBUG_INFORMATION_FORMAT = dwarf;
				ENABLE_STRICT_OBJC_MSGSEND = YES;
				ENABLE_TESTABILITY = YES;
				GCC_C_LANGUAGE_STANDARD = gnu11;
				GCC_DYNAMIC_NO_PIC = NO;
				GCC_NO_COMMON_BLOCKS = YES;
				GCC_OPTIMIZATION_LEVEL = 0;
				GCC_PREPROCESSOR_DEFINITIONS = (
					"DEBUG=1",
					"$(inherited)",
				);
				GCC_WARN_64_TO_32_BIT_CONVERSION = YES;
				GCC_WARN_ABOUT_RETURN_TYPE = YES_ERROR;
				GCC_WARN_UNDECLARED_SELECTOR = YES;
				GCC_WARN_UNINITIALIZED_AUTOS = YES_AGGRESSIVE;
				GCC_WARN_UNUSED_FUNCTION = YES;
				GCC_WARN_UNUSED_VARIABLE = YES;
				IPHONEOS_DEPLOYMENT_TARGET = 15.4;
				MTL_ENABLE_DEBUG_INFO = INCLUDE_SOURCE;
				MTL_FAST_MATH = YES;
				ONLY_ACTIVE_ARCH = YES;
				SDKROOT = iphoneos;
				SWIFT_ACTIVE_COMPILATION_CONDITIONS = DEBUG;
				SWIFT_OPTIMIZATION_LEVEL = "-Onone";
			};
			name = Debug;
		};
		26C9BE95287BB0390006E5C9 /* Release */ = {
			isa = XCBuildConfiguration;
			buildSettings = {
				ALWAYS_SEARCH_USER_PATHS = NO;
				CLANG_ANALYZER_NONNULL = YES;
				CLANG_ANALYZER_NUMBER_OBJECT_CONVERSION = YES_AGGRESSIVE;
				CLANG_CXX_LANGUAGE_STANDARD = "gnu++17";
				CLANG_ENABLE_MODULES = YES;
				CLANG_ENABLE_OBJC_ARC = YES;
				CLANG_ENABLE_OBJC_WEAK = YES;
				CLANG_WARN_BLOCK_CAPTURE_AUTORELEASING = YES;
				CLANG_WARN_BOOL_CONVERSION = YES;
				CLANG_WARN_COMMA = YES;
				CLANG_WARN_CONSTANT_CONVERSION = YES;
				CLANG_WARN_DEPRECATED_OBJC_IMPLEMENTATIONS = YES;
				CLANG_WARN_DIRECT_OBJC_ISA_USAGE = YES_ERROR;
				CLANG_WARN_DOCUMENTATION_COMMENTS = YES;
				CLANG_WARN_EMPTY_BODY = YES;
				CLANG_WARN_ENUM_CONVERSION = YES;
				CLANG_WARN_INFINITE_RECURSION = YES;
				CLANG_WARN_INT_CONVERSION = YES;
				CLANG_WARN_NON_LITERAL_NULL_CONVERSION = YES;
				CLANG_WARN_OBJC_IMPLICIT_RETAIN_SELF = YES;
				CLANG_WARN_OBJC_LITERAL_CONVERSION = YES;
				CLANG_WARN_OBJC_ROOT_CLASS = YES_ERROR;
				CLANG_WARN_QUOTED_INCLUDE_IN_FRAMEWORK_HEADER = YES;
				CLANG_WARN_RANGE_LOOP_ANALYSIS = YES;
				CLANG_WARN_STRICT_PROTOTYPES = YES;
				CLANG_WARN_SUSPICIOUS_MOVE = YES;
				CLANG_WARN_UNGUARDED_AVAILABILITY = YES_AGGRESSIVE;
				CLANG_WARN_UNREACHABLE_CODE = YES;
				CLANG_WARN__DUPLICATE_METHOD_MATCH = YES;
				COPY_PHASE_STRIP = NO;
				DEBUG_INFORMATION_FORMAT = "dwarf-with-dsym";
				ENABLE_NS_ASSERTIONS = NO;
				ENABLE_STRICT_OBJC_MSGSEND = YES;
				GCC_C_LANGUAGE_STANDARD = gnu11;
				GCC_NO_COMMON_BLOCKS = YES;
				GCC_WARN_64_TO_32_BIT_CONVERSION = YES;
				GCC_WARN_ABOUT_RETURN_TYPE = YES_ERROR;
				GCC_WARN_UNDECLARED_SELECTOR = YES;
				GCC_WARN_UNINITIALIZED_AUTOS = YES_AGGRESSIVE;
				GCC_WARN_UNUSED_FUNCTION = YES;
				GCC_WARN_UNUSED_VARIABLE = YES;
				IPHONEOS_DEPLOYMENT_TARGET = 15.4;
				MTL_ENABLE_DEBUG_INFO = NO;
				MTL_FAST_MATH = YES;
				SDKROOT = iphoneos;
				SWIFT_COMPILATION_MODE = wholemodule;
				SWIFT_OPTIMIZATION_LEVEL = "-O";
				VALIDATE_PRODUCT = YES;
			};
			name = Release;
		};
		26C9BE97287BB0390006E5C9 /* Debug */ = {
			isa = XCBuildConfiguration;
			buildSettings = {
				ASSETCATALOG_COMPILER_APPICON_NAME = AppIcon;
				ASSETCATALOG_COMPILER_GLOBAL_ACCENT_COLOR_NAME = AccentColor;
				CODE_SIGN_STYLE = Automatic;
				CURRENT_PROJECT_VERSION = 1;
				DEVELOPMENT_TEAM = MWAVAS64W5;
				GENERATE_INFOPLIST_FILE = YES;
				INFOPLIST_FILE = MapKit_BareBones/Info.plist;
				INFOPLIST_KEY_UIApplicationSupportsIndirectInputEvents = YES;
				INFOPLIST_KEY_UILaunchStoryboardName = LaunchScreen;
				INFOPLIST_KEY_UIMainStoryboardFile = Main;
				INFOPLIST_KEY_UISupportedInterfaceOrientations_iPad = "UIInterfaceOrientationPortrait UIInterfaceOrientationPortraitUpsideDown UIInterfaceOrientationLandscapeLeft UIInterfaceOrientationLandscapeRight";
				INFOPLIST_KEY_UISupportedInterfaceOrientations_iPhone = "UIInterfaceOrientationPortrait UIInterfaceOrientationLandscapeLeft UIInterfaceOrientationLandscapeRight";
				LD_RUNPATH_SEARCH_PATHS = (
					"$(inherited)",
					"@executable_path/Frameworks",
				);
				MARKETING_VERSION = 1.0;
				PRODUCT_BUNDLE_IDENTIFIER = "roun.MapKit-BareBones";
				PRODUCT_NAME = "$(TARGET_NAME)";
				SWIFT_EMIT_LOC_STRINGS = YES;
				SWIFT_VERSION = 5.0;
				TARGETED_DEVICE_FAMILY = "1,2";
			};
			name = Debug;
		};
		26C9BE98287BB0390006E5C9 /* Release */ = {
			isa = XCBuildConfiguration;
			buildSettings = {
				ASSETCATALOG_COMPILER_APPICON_NAME = AppIcon;
				ASSETCATALOG_COMPILER_GLOBAL_ACCENT_COLOR_NAME = AccentColor;
				CODE_SIGN_STYLE = Automatic;
				CURRENT_PROJECT_VERSION = 1;
				DEVELOPMENT_TEAM = MWAVAS64W5;
				GENERATE_INFOPLIST_FILE = YES;
				INFOPLIST_FILE = MapKit_BareBones/Info.plist;
				INFOPLIST_KEY_UIApplicationSupportsIndirectInputEvents = YES;
				INFOPLIST_KEY_UILaunchStoryboardName = LaunchScreen;
				INFOPLIST_KEY_UIMainStoryboardFile = Main;
				INFOPLIST_KEY_UISupportedInterfaceOrientations_iPad = "UIInterfaceOrientationPortrait UIInterfaceOrientationPortraitUpsideDown UIInterfaceOrientationLandscapeLeft UIInterfaceOrientationLandscapeRight";
				INFOPLIST_KEY_UISupportedInterfaceOrientations_iPhone = "UIInterfaceOrientationPortrait UIInterfaceOrientationLandscapeLeft UIInterfaceOrientationLandscapeRight";
				LD_RUNPATH_SEARCH_PATHS = (
					"$(inherited)",
					"@executable_path/Frameworks",
				);
				MARKETING_VERSION = 1.0;
				PRODUCT_BUNDLE_IDENTIFIER = "roun.MapKit-BareBones";
				PRODUCT_NAME = "$(TARGET_NAME)";
				SWIFT_EMIT_LOC_STRINGS = YES;
				SWIFT_VERSION = 5.0;
				TARGETED_DEVICE_FAMILY = "1,2";
			};
			name = Release;
		};
/* End XCBuildConfiguration section */

/* Begin XCConfigurationList section */
		26C9BE7D287BB0380006E5C9 /* Build configuration list for PBXProject "MapKit_BareBones" */ = {
			isa = XCConfigurationList;
			buildConfigurations = (
				26C9BE94287BB0390006E5C9 /* Debug */,
				26C9BE95287BB0390006E5C9 /* Release */,
			);
			defaultConfigurationIsVisible = 0;
			defaultConfigurationName = Release;
		};
		26C9BE96287BB0390006E5C9 /* Build configuration list for PBXNativeTarget "MapKit_BareBones" */ = {
			isa = XCConfigurationList;
			buildConfigurations = (
				26C9BE97287BB0390006E5C9 /* Debug */,
				26C9BE98287BB0390006E5C9 /* Release */,
			);
			defaultConfigurationIsVisible = 0;
			defaultConfigurationName = Release;
		};
/* End XCConfigurationList section */
	};
	rootObject = 26C9BE7A287BB0380006E5C9 /* Project object */;
}
